
Microsoft Visual Studio Solution File, Format Version 12.00
# Visual Studio 15
Project("{FAE04EC0-301F-11D3-BF4B-00C04F79EFBC}") = "Assembly-CSharp", "Assembly-CSharp.csproj", "{775C7372-6916-AC22-C763-72CC2172FF04}"
EndProject
Project("{FAE04EC0-301F-11D3-BF4B-00C04F79EFBC}") = "NWH.VehiclePhysics2", "NWH.VehiclePhysics2.csproj", "{125B2517-EE38-A046-3031-370AEA270E02}"
EndProject
Project("{FAE04EC0-301F-11D3-BF4B-00C04F79EFBC}") = "NWH.VehiclePhysics2.SetupWizard", "NWH.VehiclePhysics2.SetupWizard.csproj", "{258A6EFB-1A99-C5EB-E3FD-6D380BED91DE}"
EndProject
Project("{FAE04EC0-301F-11D3-BF4B-00C04F79EFBC}") = "NWH.Common", "NWH.Common.csproj", "{5B17D0C9-F2AF-3BC3-D712-513D509DFBD4}"
EndProject
Project("{FAE04EC0-301F-11D3-BF4B-00C04F79EFBC}") = "NWH.WheelController", "NWH.WheelController.csproj", "{6D47DE76-98B6-969C-7612-22015A691C03}"
EndProject
Project("{FAE04EC0-301F-11D3-BF4B-00C04F79EFBC}") = "Assembly-CSharp-Editor", "Assembly-CSharp-Editor.csproj", "{A21FC166-8E64-85D6-788A-83D70AADC3AE}"
EndProject
Global
	GlobalSection(SolutionConfigurationPlatforms) = preSolution
		Debug|Any CPU = Debug|Any CPU
		Release|Any CPU = Release|Any CPU
	EndGlobalSection
	GlobalSection(ProjectConfigurationPlatforms) = postSolution
		{775C7372-6916-AC22-C763-72CC2172FF04}.Debug|Any CPU.ActiveCfg = Debug|Any CPU
		{775C7372-6916-AC22-C763-72CC2172FF04}.Debug|Any CPU.Build.0 = Debug|Any CPU
		{775C7372-6916-AC22-C763-72CC2172FF04}.Release|Any CPU.ActiveCfg = Release|Any CPU
		{775C7372-6916-AC22-C763-72CC2172FF04}.Release|Any CPU.Build.0 = Release|Any CPU
		{125B2517-EE38-A046-3031-370AEA270E02}.Debug|Any CPU.ActiveCfg = Debug|Any CPU
		{125B2517-EE38-A046-3031-370AEA270E02}.Debug|Any CPU.Build.0 = Debug|Any CPU
		{125B2517-EE38-A046-3031-370AEA270E02}.Release|Any CPU.ActiveCfg = Release|Any CPU
		{125B2517-EE38-A046-3031-370AEA270E02}.Release|Any CPU.Build.0 = Release|Any CPU
		{258A6EFB-1A99-C5EB-E3FD-6D380BED91DE}.Debug|Any CPU.ActiveCfg = Debug|Any CPU
		{258A6EFB-1A99-C5EB-E3FD-6D380BED91DE}.Debug|Any CPU.Build.0 = Debug|Any CPU
		{258A6EFB-1A99-C5EB-E3FD-6D380BED91DE}.Release|Any CPU.ActiveCfg = Release|Any CPU
		{258A6EFB-1A99-C5EB-E3FD-6D380BED91DE}.Release|Any CPU.Build.0 = Release|Any CPU
		{5B17D0C9-F2AF-3BC3-D712-513D509DFBD4}.Debug|Any CPU.ActiveCfg = Debug|Any CPU
		{5B17D0C9-F2AF-3BC3-D712-513D509DFBD4}.Debug|Any CPU.Build.0 = Debug|Any CPU
		{5B17D0C9-F2AF-3BC3-D712-513D509DFBD4}.Release|Any CPU.ActiveCfg = Release|Any CPU
		{5B17D0C9-F2AF-3BC3-D712-513D509DFBD4}.Release|Any CPU.Build.0 = Release|Any CPU
		{6D47DE76-98B6-969C-7612-22015A691C03}.Debug|Any CPU.ActiveCfg = Debug|Any CPU
		{6D47DE76-98B6-969C-7612-22015A691C03}.Debug|Any CPU.Build.0 = Debug|Any CPU
		{6D47DE76-98B6-969C-7612-22015A691C03}.Release|Any CPU.ActiveCfg = Release|Any CPU
		{6D47DE76-98B6-969C-7612-22015A691C03}.Release|Any CPU.Build.0 = Release|Any CPU
		{A21FC166-8E64-85D6-788A-83D70AADC3AE}.Debug|Any CPU.ActiveCfg = Debug|Any CPU
		{A21FC166-8E64-85D6-788A-83D70AADC3AE}.Debug|Any CPU.Build.0 = Debug|Any CPU
		{A21FC166-8E64-85D6-788A-83D70AADC3AE}.Release|Any CPU.ActiveCfg = Release|Any CPU
		{A21FC166-8E64-85D6-788A-83D70AADC3AE}.Release|Any CPU.Build.0 = Release|Any CPU
	EndGlobalSection
	GlobalSection(SolutionProperties) = preSolution
		HideSolutionNode = FALSE
	EndGlobalSection
EndGlobal
